
Microsoft Visual Studio Solution File, Format Version 12.00
# Visual Studio 15
VisualStudioVersion = 15.0.27004.2002
MinimumVisualStudioVersion = 10.0.40219.1
Project("{FAE04EC0-301F-11D3-BF4B-00C04F79EFBC}") = "Chip8_Draw", "Chip8_Draw\Chip8_Draw.csproj", "{AB1EE95A-E33B-4752-91A6-A856A6C6BD09}"
EndProject
Global
	GlobalSection(SolutionConfigurationPlatforms) = preSolution
		Debug|Any CPU = Debug|Any CPU
		Release|Any CPU = Release|Any CPU
	EndGlobalSection
	GlobalSection(ProjectConfigurationPlatforms) = postSolution
		{AB1EE95A-E33B-4752-91A6-A856A6C6BD09}.Debug|Any CPU.ActiveCfg = Debug|Any CPU
		{AB1EE95A-E33B-4752-91A6-A856A6C6BD09}.Debug|Any CPU.Build.0 = Debug|Any CPU
		{AB1EE95A-E33B-4752-91A6-A856A6C6BD09}.Release|Any CPU.ActiveCfg = Release|Any CPU
		{AB1EE95A-E33B-4752-91A6-A856A6C6BD09}.Release|Any CPU.Build.0 = Release|Any CPU
	EndGlobalSection
	GlobalSection(SolutionProperties) = preSolution
		HideSolutionNode = FALSE
	EndGlobalSection
	GlobalSection(ExtensibilityGlobals) = postSolution
		SolutionGuid = {A644AAF6-B641-44BF-B5A3-A9FD7BEEBCDB}
	EndGlobalSection
EndGlobal
